// !$*UTF8*$!
{
	archiveVersion = 1;
	classes = {
	};
	objectVersion = 50;
	objects = {

/* Begin PBXBuildFile section */
		77440BAC248E722C00A87934 /* AppDelegate.swift in Sources */ = {isa = PBXBuildFile; fileRef = 77440BAB248E722C00A87934 /* AppDelegate.swift */; };
		77440BAE248E722C00A87934 /* SceneDelegate.swift in Sources */ = {isa = PBXBuildFile; fileRef = 77440BAD248E722C00A87934 /* SceneDelegate.swift */; };
		77440BB5248E722D00A87934 /* Assets.xcassets in Resources */ = {isa = PBXBuildFile; fileRef = 77440BB4248E722D00A87934 /* Assets.xcassets */; };
		77440BB8248E722D00A87934 /* LaunchScreen.storyboard in Resources */ = {isa = PBXBuildFile; fileRef = 77440BB6248E722D00A87934 /* LaunchScreen.storyboard */; };
		77440BC4248E74E800A87934 /* Weaver.swift in Sources */ = {isa = PBXBuildFile; fileRef = 77440BC3248E74E800A87934 /* Weaver.swift */; };
		77440BC7248E751F00A87934 /* MainRouter.swift in Sources */ = {isa = PBXBuildFile; fileRef = 77440BC6248E751F00A87934 /* MainRouter.swift */; };
		77440BCC248E757D00A87934 /* PopoverPresentation.swift in Sources */ = {isa = PBXBuildFile; fileRef = 77440BCB248E757D00A87934 /* PopoverPresentation.swift */; };
		77440BCE248E759E00A87934 /* Presentation.swift in Sources */ = {isa = PBXBuildFile; fileRef = 77440BCD248E759E00A87934 /* Presentation.swift */; };
		77440BD0248E75AB00A87934 /* Scene.swift in Sources */ = {isa = PBXBuildFile; fileRef = 77440BCF248E75AB00A87934 /* Scene.swift */; };
		77440BD2248E75BC00A87934 /* Router.swift in Sources */ = {isa = PBXBuildFile; fileRef = 77440BD1248E75BC00A87934 /* Router.swift */; };
		77440BD6248E761600A87934 /* BaseScene.swift in Sources */ = {isa = PBXBuildFile; fileRef = 77440BD5248E761600A87934 /* BaseScene.swift */; };
		77440BD9248E764100A87934 /* BaseRouter.swift in Sources */ = {isa = PBXBuildFile; fileRef = 77440BD8248E764100A87934 /* BaseRouter.swift */; };
		77440BDC248E76A100A87934 /* MainScreenScene.swift in Sources */ = {isa = PBXBuildFile; fileRef = 77440BDB248E76A100A87934 /* MainScreenScene.swift */; };
		77440BDE248E774700A87934 /* MainScreenViewModel.swift in Sources */ = {isa = PBXBuildFile; fileRef = 77440BDD248E774700A87934 /* MainScreenViewModel.swift */; };
		77440BE0248E777600A87934 /* MainScreenViewModelProtocol.swift in Sources */ = {isa = PBXBuildFile; fileRef = 77440BDF248E777600A87934 /* MainScreenViewModelProtocol.swift */; };
		77440BE2248E779400A87934 /* MainScreenRouter.swift in Sources */ = {isa = PBXBuildFile; fileRef = 77440BE1248E779400A87934 /* MainScreenRouter.swift */; };
		77440BE4248E77CA00A87934 /* MainScreenRouterProtocol.swift in Sources */ = {isa = PBXBuildFile; fileRef = 77440BE3248E77CA00A87934 /* MainScreenRouterProtocol.swift */; };
		77440BEB248E787F00A87934 /* MainScreenController.swift in Sources */ = {isa = PBXBuildFile; fileRef = 77440BEA248E787F00A87934 /* MainScreenController.swift */; };
		77440BED248E789E00A87934 /* MainScreenControllerProtocol.swift in Sources */ = {isa = PBXBuildFile; fileRef = 77440BEC248E789E00A87934 /* MainScreenControllerProtocol.swift */; };
		77440BF0248E78EE00A87934 /* BaseController.swift in Sources */ = {isa = PBXBuildFile; fileRef = 77440BEF248E78EE00A87934 /* BaseController.swift */; };
		77440C0B248E80B300A87934 /* Constants.swift in Sources */ = {isa = PBXBuildFile; fileRef = 77440C0A248E80B300A87934 /* Constants.swift */; };
		77440C0D248E814900A87934 /* Texts.swift in Sources */ = {isa = PBXBuildFile; fileRef = 77440C0C248E814900A87934 /* Texts.swift */; };
		77440C0F248E824F00A87934 /* UIColor+inits.swift in Sources */ = {isa = PBXBuildFile; fileRef = 77440C0E248E824F00A87934 /* UIColor+inits.swift */; };
		77440C11248E825F00A87934 /* Colors.swift in Sources */ = {isa = PBXBuildFile; fileRef = 77440C10248E825F00A87934 /* Colors.swift */; };
		77440C13248E89E200A87934 /* BaseMainButton.swift in Sources */ = {isa = PBXBuildFile; fileRef = 77440C12248E89E200A87934 /* BaseMainButton.swift */; };
		77440C16248E94F600A87934 /* UserData.swift in Sources */ = {isa = PBXBuildFile; fileRef = 77440C15248E94F600A87934 /* UserData.swift */; };
		77440C19248EA05C00A87934 /* CountryCodeScene.swift in Sources */ = {isa = PBXBuildFile; fileRef = 77440C18248EA05C00A87934 /* CountryCodeScene.swift */; };
		77440C1B248EA0AD00A87934 /* CountryCodeViewModel.swift in Sources */ = {isa = PBXBuildFile; fileRef = 77440C1A248EA0AD00A87934 /* CountryCodeViewModel.swift */; };
		77440C1D248EA0DB00A87934 /* CountryCodeViewModelProtocol.swift in Sources */ = {isa = PBXBuildFile; fileRef = 77440C1C248EA0DB00A87934 /* CountryCodeViewModelProtocol.swift */; };
		77440C1F248EA0FD00A87934 /* CountryCodeRouter.swift in Sources */ = {isa = PBXBuildFile; fileRef = 77440C1E248EA0FD00A87934 /* CountryCodeRouter.swift */; };
		77440C21248EA14200A87934 /* CountryCodeRouterProtocol.swift in Sources */ = {isa = PBXBuildFile; fileRef = 77440C20248EA14200A87934 /* CountryCodeRouterProtocol.swift */; };
		77440C23248EA17300A87934 /* CountryCodeController.swift in Sources */ = {isa = PBXBuildFile; fileRef = 77440C22248EA17300A87934 /* CountryCodeController.swift */; };
		77440C26248EA1A000A87934 /* CountryCodeControllerProtocol.swift in Sources */ = {isa = PBXBuildFile; fileRef = 77440C25248EA1A000A87934 /* CountryCodeControllerProtocol.swift */; };
		77440C28248EA7E500A87934 /* Icons.swift in Sources */ = {isa = PBXBuildFile; fileRef = 77440C27248EA7E500A87934 /* Icons.swift */; };
		77440C2C248EA82900A87934 /* Icons.xcassets in Resources */ = {isa = PBXBuildFile; fileRef = 77440C2B248EA82900A87934 /* Icons.xcassets */; };
		77440C2F248EAB7500A87934 /* CountryTableCell.swift in Sources */ = {isa = PBXBuildFile; fileRef = 77440C2E248EAB7500A87934 /* CountryTableCell.swift */; };
		77440C31248EB00E00A87934 /* CountryTableHeader.swift in Sources */ = {isa = PBXBuildFile; fileRef = 77440C30248EB00E00A87934 /* CountryTableHeader.swift */; };
		77440C33248EB16400A87934 /* UIView+shadow.swift in Sources */ = {isa = PBXBuildFile; fileRef = 77440C32248EB16400A87934 /* UIView+shadow.swift */; };
		77440C35248EBA0E00A87934 /* PhoneNumberView.swift in Sources */ = {isa = PBXBuildFile; fileRef = 77440C34248EBA0E00A87934 /* PhoneNumberView.swift */; };
		77440C38248EBDC300A87934 /* SearchBar.swift in Sources */ = {isa = PBXBuildFile; fileRef = 77440C37248EBDC300A87934 /* SearchBar.swift */; };
		77440C3A248ECE0600A87934 /* LettersCollectionView.swift in Sources */ = {isa = PBXBuildFile; fileRef = 77440C39248ECE0600A87934 /* LettersCollectionView.swift */; };
		77440C3C248ED5E700A87934 /* String+index.swift in Sources */ = {isa = PBXBuildFile; fileRef = 77440C3B248ED5E700A87934 /* String+index.swift */; };
		77440C3E248EDD3200A87934 /* LetterCollectionCell.swift in Sources */ = {isa = PBXBuildFile; fileRef = 77440C3D248EDD3200A87934 /* LetterCollectionCell.swift */; };
		77440C43248F677400A87934 /* LettersCollectionDelegate.swift in Sources */ = {isa = PBXBuildFile; fileRef = 77440C42248F677400A87934 /* LettersCollectionDelegate.swift */; };
		77440C45248F714300A87934 /* BaseSeparatorView.swift in Sources */ = {isa = PBXBuildFile; fileRef = 77440C44248F714300A87934 /* BaseSeparatorView.swift */; };
		77440C47248F75FD00A87934 /* CountryData.swift in Sources */ = {isa = PBXBuildFile; fileRef = 77440C46248F75FD00A87934 /* CountryData.swift */; };
		77440C4A248F97D000A87934 /* ConfirmNumberController.swift in Sources */ = {isa = PBXBuildFile; fileRef = 77440C49248F97D000A87934 /* ConfirmNumberController.swift */; };
		77440C4C248F980500A87934 /* ConfirmNumberControllerProtocol.swift in Sources */ = {isa = PBXBuildFile; fileRef = 77440C4B248F980500A87934 /* ConfirmNumberControllerProtocol.swift */; };
		77440C4F248F984A00A87934 /* ConfirmNumberScene.swift in Sources */ = {isa = PBXBuildFile; fileRef = 77440C4E248F984A00A87934 /* ConfirmNumberScene.swift */; };
		77440C51248F989800A87934 /* ConfirmNumberViewModel.swift in Sources */ = {isa = PBXBuildFile; fileRef = 77440C50248F989800A87934 /* ConfirmNumberViewModel.swift */; };
		77440C53248F98C800A87934 /* ConfirmNumberViewModelProtocol.swift in Sources */ = {isa = PBXBuildFile; fileRef = 77440C52248F98C800A87934 /* ConfirmNumberViewModelProtocol.swift */; };
		77440C55248F98E400A87934 /* ConfirmNumberRouter.swift in Sources */ = {isa = PBXBuildFile; fileRef = 77440C54248F98E400A87934 /* ConfirmNumberRouter.swift */; };
		77440C57248F995400A87934 /* ConfirmNumberRouterProtocol.swift in Sources */ = {isa = PBXBuildFile; fileRef = 77440C56248F995400A87934 /* ConfirmNumberRouterProtocol.swift */; };
		77440C59248F9A1900A87934 /* ModalPresentation.swift in Sources */ = {isa = PBXBuildFile; fileRef = 77440C58248F9A1900A87934 /* ModalPresentation.swift */; };
		77440C5B248F9AA900A87934 /* TopLineView.swift in Sources */ = {isa = PBXBuildFile; fileRef = 77440C5A248F9AA900A87934 /* TopLineView.swift */; };
		77440C5E248F9F3700A87934 /* CodeField.swift in Sources */ = {isa = PBXBuildFile; fileRef = 77440C5D248F9F3700A87934 /* CodeField.swift */; };
		77440C62248FDA3B00A87934 /* FadePresentation.swift in Sources */ = {isa = PBXBuildFile; fileRef = 77440C61248FDA3B00A87934 /* FadePresentation.swift */; };
		77440C64248FDDB100A87934 /* CodeFieldDelegate.swift in Sources */ = {isa = PBXBuildFile; fileRef = 77440C63248FDDB100A87934 /* CodeFieldDelegate.swift */; };
		77440C66248FE70F00A87934 /* LoginOptionsView.swift in Sources */ = {isa = PBXBuildFile; fileRef = 77440C65248FE70F00A87934 /* LoginOptionsView.swift */; };
		77440C6A24901BCA00A87934 /* LoginOptionsContainerView.swift in Sources */ = {isa = PBXBuildFile; fileRef = 77440C6924901BCA00A87934 /* LoginOptionsContainerView.swift */; };
		77440C6D2490245200A87934 /* LoginOptionsContainerDelegate.swift in Sources */ = {isa = PBXBuildFile; fileRef = 77440C6C2490245200A87934 /* LoginOptionsContainerDelegate.swift */; };
		77440C6F24902F5D00A87934 /* UIView+roundedCorners.swift in Sources */ = {isa = PBXBuildFile; fileRef = 77440C6E24902F5D00A87934 /* UIView+roundedCorners.swift */; };
		77440C7124902FC000A87934 /* MainContainerView.swift in Sources */ = {isa = PBXBuildFile; fileRef = 77440C7024902FC000A87934 /* MainContainerView.swift */; };
		77440C732490D6F500A87934 /* URLs.swift in Sources */ = {isa = PBXBuildFile; fileRef = 77440C722490D6F500A87934 /* URLs.swift */; };
		77440C752490DCF500A87934 /* NetworkService.swift in Sources */ = {isa = PBXBuildFile; fileRef = 77440C742490DCF500A87934 /* NetworkService.swift */; };
		77440C792491258F00A87934 /* ScreenIPhone.swift in Sources */ = {isa = PBXBuildFile; fileRef = 77440C782491258F00A87934 /* ScreenIPhone.swift */; };
		83E333BE197B2A0D45399669 /* libPods-TestProject.a in Frameworks */ = {isa = PBXBuildFile; fileRef = 92585AF014343B84831E7AC8 /* libPods-TestProject.a */; };
/* End PBXBuildFile section */

/* Begin PBXFileReference section */
		10E2A5169333A298D72A04C5 /* Pods-TestProject.debug.xcconfig */ = {isa = PBXFileReference; includeInIndex = 1; lastKnownFileType = text.xcconfig; name = "Pods-TestProject.debug.xcconfig"; path = "Target Support Files/Pods-TestProject/Pods-TestProject.debug.xcconfig"; sourceTree = "<group>"; };
		77440BA8248E722C00A87934 /* TestProject.app */ = {isa = PBXFileReference; explicitFileType = wrapper.application; includeInIndex = 0; path = TestProject.app; sourceTree = BUILT_PRODUCTS_DIR; };
		77440BAB248E722C00A87934 /* AppDelegate.swift */ = {isa = PBXFileReference; lastKnownFileType = sourcecode.swift; path = AppDelegate.swift; sourceTree = "<group>"; };
		77440BAD248E722C00A87934 /* SceneDelegate.swift */ = {isa = PBXFileReference; lastKnownFileType = sourcecode.swift; path = SceneDelegate.swift; sourceTree = "<group>"; };
		77440BB4248E722D00A87934 /* Assets.xcassets */ = {isa = PBXFileReference; lastKnownFileType = folder.assetcatalog; path = Assets.xcassets; sourceTree = "<group>"; };
		77440BB7248E722D00A87934 /* Base */ = {isa = PBXFileReference; lastKnownFileType = file.storyboard; name = Base; path = Base.lproj/LaunchScreen.storyboard; sourceTree = "<group>"; };
		77440BB9248E722D00A87934 /* Info.plist */ = {isa = PBXFileReference; lastKnownFileType = text.plist.xml; path = Info.plist; sourceTree = "<group>"; };
		77440BC3248E74E800A87934 /* Weaver.swift */ = {isa = PBXFileReference; fileEncoding = 4; lastKnownFileType = sourcecode.swift; path = Weaver.swift; sourceTree = "<group>"; };
		77440BC6248E751F00A87934 /* MainRouter.swift */ = {isa = PBXFileReference; lastKnownFileType = sourcecode.swift; path = MainRouter.swift; sourceTree = "<group>"; };
		77440BCB248E757D00A87934 /* PopoverPresentation.swift */ = {isa = PBXFileReference; lastKnownFileType = sourcecode.swift; path = PopoverPresentation.swift; sourceTree = "<group>"; };
		77440BCD248E759E00A87934 /* Presentation.swift */ = {isa = PBXFileReference; lastKnownFileType = sourcecode.swift; path = Presentation.swift; sourceTree = "<group>"; };
		77440BCF248E75AB00A87934 /* Scene.swift */ = {isa = PBXFileReference; lastKnownFileType = sourcecode.swift; path = Scene.swift; sourceTree = "<group>"; };
		77440BD1248E75BC00A87934 /* Router.swift */ = {isa = PBXFileReference; lastKnownFileType = sourcecode.swift; path = Router.swift; sourceTree = "<group>"; };
		77440BD5248E761600A87934 /* BaseScene.swift */ = {isa = PBXFileReference; lastKnownFileType = sourcecode.swift; path = BaseScene.swift; sourceTree = "<group>"; };
		77440BD8248E764100A87934 /* BaseRouter.swift */ = {isa = PBXFileReference; lastKnownFileType = sourcecode.swift; path = BaseRouter.swift; sourceTree = "<group>"; };
		77440BDB248E76A100A87934 /* MainScreenScene.swift */ = {isa = PBXFileReference; lastKnownFileType = sourcecode.swift; path = MainScreenScene.swift; sourceTree = "<group>"; };
		77440BDD248E774700A87934 /* MainScreenViewModel.swift */ = {isa = PBXFileReference; lastKnownFileType = sourcecode.swift; path = MainScreenViewModel.swift; sourceTree = "<group>"; };
		77440BDF248E777600A87934 /* MainScreenViewModelProtocol.swift */ = {isa = PBXFileReference; lastKnownFileType = sourcecode.swift; path = MainScreenViewModelProtocol.swift; sourceTree = "<group>"; };
		77440BE1248E779400A87934 /* MainScreenRouter.swift */ = {isa = PBXFileReference; lastKnownFileType = sourcecode.swift; path = MainScreenRouter.swift; sourceTree = "<group>"; };
		77440BE3248E77CA00A87934 /* MainScreenRouterProtocol.swift */ = {isa = PBXFileReference; lastKnownFileType = sourcecode.swift; path = MainScreenRouterProtocol.swift; sourceTree = "<group>"; };
		77440BEA248E787F00A87934 /* MainScreenController.swift */ = {isa = PBXFileReference; lastKnownFileType = sourcecode.swift; path = MainScreenController.swift; sourceTree = "<group>"; };
		77440BEC248E789E00A87934 /* MainScreenControllerProtocol.swift */ = {isa = PBXFileReference; lastKnownFileType = sourcecode.swift; path = MainScreenControllerProtocol.swift; sourceTree = "<group>"; };
		77440BEF248E78EE00A87934 /* BaseController.swift */ = {isa = PBXFileReference; lastKnownFileType = sourcecode.swift; path = BaseController.swift; sourceTree = "<group>"; };
		77440C0A248E80B300A87934 /* Constants.swift */ = {isa = PBXFileReference; lastKnownFileType = sourcecode.swift; path = Constants.swift; sourceTree = "<group>"; };
		77440C0C248E814900A87934 /* Texts.swift */ = {isa = PBXFileReference; lastKnownFileType = sourcecode.swift; path = Texts.swift; sourceTree = "<group>"; };
		77440C0E248E824F00A87934 /* UIColor+inits.swift */ = {isa = PBXFileReference; lastKnownFileType = sourcecode.swift; path = "UIColor+inits.swift"; sourceTree = "<group>"; };
		77440C10248E825F00A87934 /* Colors.swift */ = {isa = PBXFileReference; lastKnownFileType = sourcecode.swift; path = Colors.swift; sourceTree = "<group>"; };
		77440C12248E89E200A87934 /* BaseMainButton.swift */ = {isa = PBXFileReference; lastKnownFileType = sourcecode.swift; path = BaseMainButton.swift; sourceTree = "<group>"; };
		77440C15248E94F600A87934 /* UserData.swift */ = {isa = PBXFileReference; lastKnownFileType = sourcecode.swift; path = UserData.swift; sourceTree = "<group>"; };
		77440C18248EA05C00A87934 /* CountryCodeScene.swift */ = {isa = PBXFileReference; lastKnownFileType = sourcecode.swift; path = CountryCodeScene.swift; sourceTree = "<group>"; };
		77440C1A248EA0AD00A87934 /* CountryCodeViewModel.swift */ = {isa = PBXFileReference; lastKnownFileType = sourcecode.swift; path = CountryCodeViewModel.swift; sourceTree = "<group>"; };
		77440C1C248EA0DB00A87934 /* CountryCodeViewModelProtocol.swift */ = {isa = PBXFileReference; lastKnownFileType = sourcecode.swift; path = CountryCodeViewModelProtocol.swift; sourceTree = "<group>"; };
		77440C1E248EA0FD00A87934 /* CountryCodeRouter.swift */ = {isa = PBXFileReference; lastKnownFileType = sourcecode.swift; path = CountryCodeRouter.swift; sourceTree = "<group>"; };
		77440C20248EA14200A87934 /* CountryCodeRouterProtocol.swift */ = {isa = PBXFileReference; lastKnownFileType = sourcecode.swift; path = CountryCodeRouterProtocol.swift; sourceTree = "<group>"; };
		77440C22248EA17300A87934 /* CountryCodeController.swift */ = {isa = PBXFileReference; lastKnownFileType = sourcecode.swift; path = CountryCodeController.swift; sourceTree = "<group>"; };
		77440C25248EA1A000A87934 /* CountryCodeControllerProtocol.swift */ = {isa = PBXFileReference; lastKnownFileType = sourcecode.swift; path = CountryCodeControllerProtocol.swift; sourceTree = "<group>"; };
		77440C27248EA7E500A87934 /* Icons.swift */ = {isa = PBXFileReference; lastKnownFileType = sourcecode.swift; path = Icons.swift; sourceTree = "<group>"; };
		77440C2B248EA82900A87934 /* Icons.xcassets */ = {isa = PBXFileReference; lastKnownFileType = folder.assetcatalog; path = Icons.xcassets; sourceTree = "<group>"; };
		77440C2E248EAB7500A87934 /* CountryTableCell.swift */ = {isa = PBXFileReference; lastKnownFileType = sourcecode.swift; path = CountryTableCell.swift; sourceTree = "<group>"; };
		77440C30248EB00E00A87934 /* CountryTableHeader.swift */ = {isa = PBXFileReference; lastKnownFileType = sourcecode.swift; path = CountryTableHeader.swift; sourceTree = "<group>"; };
		77440C32248EB16400A87934 /* UIView+shadow.swift */ = {isa = PBXFileReference; lastKnownFileType = sourcecode.swift; path = "UIView+shadow.swift"; sourceTree = "<group>"; };
		77440C34248EBA0E00A87934 /* PhoneNumberView.swift */ = {isa = PBXFileReference; lastKnownFileType = sourcecode.swift; path = PhoneNumberView.swift; sourceTree = "<group>"; };
		77440C37248EBDC300A87934 /* SearchBar.swift */ = {isa = PBXFileReference; lastKnownFileType = sourcecode.swift; path = SearchBar.swift; sourceTree = "<group>"; };
		77440C39248ECE0600A87934 /* LettersCollectionView.swift */ = {isa = PBXFileReference; lastKnownFileType = sourcecode.swift; path = LettersCollectionView.swift; sourceTree = "<group>"; };
		77440C3B248ED5E700A87934 /* String+index.swift */ = {isa = PBXFileReference; lastKnownFileType = sourcecode.swift; path = "String+index.swift"; sourceTree = "<group>"; };
		77440C3D248EDD3200A87934 /* LetterCollectionCell.swift */ = {isa = PBXFileReference; lastKnownFileType = sourcecode.swift; path = LetterCollectionCell.swift; sourceTree = "<group>"; };
		77440C42248F677400A87934 /* LettersCollectionDelegate.swift */ = {isa = PBXFileReference; lastKnownFileType = sourcecode.swift; path = LettersCollectionDelegate.swift; sourceTree = "<group>"; };
		77440C44248F714300A87934 /* BaseSeparatorView.swift */ = {isa = PBXFileReference; lastKnownFileType = sourcecode.swift; path = BaseSeparatorView.swift; sourceTree = "<group>"; };
		77440C46248F75FD00A87934 /* CountryData.swift */ = {isa = PBXFileReference; lastKnownFileType = sourcecode.swift; path = CountryData.swift; sourceTree = "<group>"; };
		77440C49248F97D000A87934 /* ConfirmNumberController.swift */ = {isa = PBXFileReference; lastKnownFileType = sourcecode.swift; path = ConfirmNumberController.swift; sourceTree = "<group>"; };
		77440C4B248F980500A87934 /* ConfirmNumberControllerProtocol.swift */ = {isa = PBXFileReference; lastKnownFileType = sourcecode.swift; path = ConfirmNumberControllerProtocol.swift; sourceTree = "<group>"; };
		77440C4E248F984A00A87934 /* ConfirmNumberScene.swift */ = {isa = PBXFileReference; lastKnownFileType = sourcecode.swift; path = ConfirmNumberScene.swift; sourceTree = "<group>"; };
		77440C50248F989800A87934 /* ConfirmNumberViewModel.swift */ = {isa = PBXFileReference; lastKnownFileType = sourcecode.swift; path = ConfirmNumberViewModel.swift; sourceTree = "<group>"; };
		77440C52248F98C800A87934 /* ConfirmNumberViewModelProtocol.swift */ = {isa = PBXFileReference; lastKnownFileType = sourcecode.swift; path = ConfirmNumberViewModelProtocol.swift; sourceTree = "<group>"; };
		77440C54248F98E400A87934 /* ConfirmNumberRouter.swift */ = {isa = PBXFileReference; lastKnownFileType = sourcecode.swift; path = ConfirmNumberRouter.swift; sourceTree = "<group>"; };
		77440C56248F995400A87934 /* ConfirmNumberRouterProtocol.swift */ = {isa = PBXFileReference; lastKnownFileType = sourcecode.swift; path = ConfirmNumberRouterProtocol.swift; sourceTree = "<group>"; };
		77440C58248F9A1900A87934 /* ModalPresentation.swift */ = {isa = PBXFileReference; lastKnownFileType = sourcecode.swift; path = ModalPresentation.swift; sourceTree = "<group>"; };
		77440C5A248F9AA900A87934 /* TopLineView.swift */ = {isa = PBXFileReference; lastKnownFileType = sourcecode.swift; path = TopLineView.swift; sourceTree = "<group>"; };
		77440C5D248F9F3700A87934 /* CodeField.swift */ = {isa = PBXFileReference; lastKnownFileType = sourcecode.swift; path = CodeField.swift; sourceTree = "<group>"; };
		77440C61248FDA3B00A87934 /* FadePresentation.swift */ = {isa = PBXFileReference; lastKnownFileType = sourcecode.swift; path = FadePresentation.swift; sourceTree = "<group>"; };
		77440C63248FDDB100A87934 /* CodeFieldDelegate.swift */ = {isa = PBXFileReference; lastKnownFileType = sourcecode.swift; path = CodeFieldDelegate.swift; sourceTree = "<group>"; };
		77440C65248FE70F00A87934 /* LoginOptionsView.swift */ = {isa = PBXFileReference; lastKnownFileType = sourcecode.swift; path = LoginOptionsView.swift; sourceTree = "<group>"; };
		77440C6924901BCA00A87934 /* LoginOptionsContainerView.swift */ = {isa = PBXFileReference; lastKnownFileType = sourcecode.swift; path = LoginOptionsContainerView.swift; sourceTree = "<group>"; };
		77440C6C2490245200A87934 /* LoginOptionsContainerDelegate.swift */ = {isa = PBXFileReference; lastKnownFileType = sourcecode.swift; path = LoginOptionsContainerDelegate.swift; sourceTree = "<group>"; };
		77440C6E24902F5D00A87934 /* UIView+roundedCorners.swift */ = {isa = PBXFileReference; lastKnownFileType = sourcecode.swift; path = "UIView+roundedCorners.swift"; sourceTree = "<group>"; };
		77440C7024902FC000A87934 /* MainContainerView.swift */ = {isa = PBXFileReference; lastKnownFileType = sourcecode.swift; path = MainContainerView.swift; sourceTree = "<group>"; };
		77440C722490D6F500A87934 /* URLs.swift */ = {isa = PBXFileReference; lastKnownFileType = sourcecode.swift; path = URLs.swift; sourceTree = "<group>"; };
		77440C742490DCF500A87934 /* NetworkService.swift */ = {isa = PBXFileReference; lastKnownFileType = sourcecode.swift; path = NetworkService.swift; sourceTree = "<group>"; };
		77440C782491258F00A87934 /* ScreenIPhone.swift */ = {isa = PBXFileReference; lastKnownFileType = sourcecode.swift; path = ScreenIPhone.swift; sourceTree = "<group>"; };
		8B6F9BE48EE14C90F35C9C60 /* Pods-TestProject.release.xcconfig */ = {isa = PBXFileReference; includeInIndex = 1; lastKnownFileType = text.xcconfig; name = "Pods-TestProject.release.xcconfig"; path = "Target Support Files/Pods-TestProject/Pods-TestProject.release.xcconfig"; sourceTree = "<group>"; };
		92585AF014343B84831E7AC8 /* libPods-TestProject.a */ = {isa = PBXFileReference; explicitFileType = archive.ar; includeInIndex = 0; path = "libPods-TestProject.a"; sourceTree = BUILT_PRODUCTS_DIR; };
/* End PBXFileReference section */

/* Begin PBXFrameworksBuildPhase section */
		77440BA5248E722C00A87934 /* Frameworks */ = {
			isa = PBXFrameworksBuildPhase;
			buildActionMask = 2147483647;
			files = (
				83E333BE197B2A0D45399669 /* libPods-TestProject.a in Frameworks */,
			);
			runOnlyForDeploymentPostprocessing = 0;
		};
/* End PBXFrameworksBuildPhase section */

/* Begin PBXGroup section */
		77440B9F248E722C00A87934 = {
			isa = PBXGroup;
			children = (
				77440BAA248E722C00A87934 /* TestProject */,
				77440BA9248E722C00A87934 /* Products */,
				886EAE3546B5FFD135840DBE /* Pods */,
				844D93576B302F21C1AEF227 /* Frameworks */,
			);
			sourceTree = "<group>";
		};
		77440BA9248E722C00A87934 /* Products */ = {
			isa = PBXGroup;
			children = (
				77440BA8248E722C00A87934 /* TestProject.app */,
			);
			name = Products;
			sourceTree = "<group>";
		};
		77440BAA248E722C00A87934 /* TestProject */ = {
			isa = PBXGroup;
			children = (
				77440BBF248E723800A87934 /* Source */,
				77440BC8248E754B00A87934 /* Scenes */,
				77440BE6248E780800A87934 /* Services */,
				77440BE5248E77EE00A87934 /* UI */,
				77440C14248E94DD00A87934 /* Base */,
				77440BF4248E7A3F00A87934 /* Extension */,
				77440BE8248E784300A87934 /* SupportingFiles */,
				77440C772491257700A87934 /* Helper */,
			);
			path = TestProject;
			sourceTree = "<group>";
		};
		77440BBF248E723800A87934 /* Source */ = {
			isa = PBXGroup;
			children = (
				77440BC0248E724500A87934 /* Dependencies */,
			);
			path = Source;
			sourceTree = "<group>";
		};
		77440BC0248E724500A87934 /* Dependencies */ = {
			isa = PBXGroup;
			children = (
				77440BC1248E725100A87934 /* Generated */,
			);
			path = Dependencies;
			sourceTree = "<group>";
		};
		77440BC1248E725100A87934 /* Generated */ = {
			isa = PBXGroup;
			children = (
				77440BC3248E74E800A87934 /* Weaver.swift */,
			);
			path = Generated;
			sourceTree = "<group>";
		};
		77440BC5248E750800A87934 /* MainRouter */ = {
			isa = PBXGroup;
			children = (
				77440BC6248E751F00A87934 /* MainRouter.swift */,
			);
			name = MainRouter;
			path = ..;
			sourceTree = "<group>";
		};
		77440BC8248E754B00A87934 /* Scenes */ = {
			isa = PBXGroup;
			children = (
				77440BC9248E755900A87934 /* Protocols */,
				77440BC5248E750800A87934 /* MainRouter */,
				77440BDA248E767F00A87934 /* MainScreenScene */,
				77440C17248EA04100A87934 /* CountryCodeScene */,
				77440C4D248F982900A87934 /* ConfirmNumberScene */,
			);
			path = Scenes;
			sourceTree = "<group>";
		};
		77440BC9248E755900A87934 /* Protocols */ = {
			isa = PBXGroup;
			children = (
				77440BD7248E762200A87934 /* Base */,
				77440BCA248E756600A87934 /* Presentation */,
				77440BCD248E759E00A87934 /* Presentation.swift */,
				77440BCF248E75AB00A87934 /* Scene.swift */,
				77440BD1248E75BC00A87934 /* Router.swift */,
			);
			path = Protocols;
			sourceTree = "<group>";
		};
		77440BCA248E756600A87934 /* Presentation */ = {
			isa = PBXGroup;
			children = (
				77440BCB248E757D00A87934 /* PopoverPresentation.swift */,
				77440C58248F9A1900A87934 /* ModalPresentation.swift */,
				77440C61248FDA3B00A87934 /* FadePresentation.swift */,
			);
			path = Presentation;
			sourceTree = "<group>";
		};
		77440BD7248E762200A87934 /* Base */ = {
			isa = PBXGroup;
			children = (
				77440BD5248E761600A87934 /* BaseScene.swift */,
				77440BD8248E764100A87934 /* BaseRouter.swift */,
			);
			path = Base;
			sourceTree = "<group>";
		};
		77440BDA248E767F00A87934 /* MainScreenScene */ = {
			isa = PBXGroup;
			children = (
				77440BDB248E76A100A87934 /* MainScreenScene.swift */,
				77440BDD248E774700A87934 /* MainScreenViewModel.swift */,
				77440BDF248E777600A87934 /* MainScreenViewModelProtocol.swift */,
				77440BE1248E779400A87934 /* MainScreenRouter.swift */,
				77440BE3248E77CA00A87934 /* MainScreenRouterProtocol.swift */,
			);
			path = MainScreenScene;
			sourceTree = "<group>";
		};
		77440BE5248E77EE00A87934 /* UI */ = {
			isa = PBXGroup;
			children = (
				77440C09248E80A000A87934 /* Assets */,
				77440BEE248E78D500A87934 /* Base */,
				77440BE9248E786A00A87934 /* MainScreen */,
				77440C24248EA18800A87934 /* CountryCodeScene */,
				77440C48248F97A600A87934 /* ConfirmNumberScene */,
			);
			path = UI;
			sourceTree = "<group>";
		};
		77440BE6248E780800A87934 /* Services */ = {
			isa = PBXGroup;
			children = (
				77440BE7248E782B00A87934 /* Application */,
				77440C762490DD0600A87934 /* NetworkServices */,
			);
			path = Services;
			sourceTree = "<group>";
		};
		77440BE7248E782B00A87934 /* Application */ = {
			isa = PBXGroup;
			children = (
				77440BAB248E722C00A87934 /* AppDelegate.swift */,
				77440BAD248E722C00A87934 /* SceneDelegate.swift */,
			);
			path = Application;
			sourceTree = "<group>";
		};
		77440BE8248E784300A87934 /* SupportingFiles */ = {
			isa = PBXGroup;
			children = (
				77440BB4248E722D00A87934 /* Assets.xcassets */,
				77440BB6248E722D00A87934 /* LaunchScreen.storyboard */,
				77440BB9248E722D00A87934 /* Info.plist */,
			);
			path = SupportingFiles;
			sourceTree = "<group>";
		};
		77440BE9248E786A00A87934 /* MainScreen */ = {
			isa = PBXGroup;
			children = (
				77440C36248EBA1200A87934 /* Views */,
				77440BEA248E787F00A87934 /* MainScreenController.swift */,
				77440BEC248E789E00A87934 /* MainScreenControllerProtocol.swift */,
			);
			path = MainScreen;
			sourceTree = "<group>";
		};
		77440BEE248E78D500A87934 /* Base */ = {
			isa = PBXGroup;
			children = (
				77440BEF248E78EE00A87934 /* BaseController.swift */,
				77440BF3248E798200A87934 /* Views */,
			);
			path = Base;
			sourceTree = "<group>";
		};
		77440BF3248E798200A87934 /* Views */ = {
			isa = PBXGroup;
			children = (
				77440C12248E89E200A87934 /* BaseMainButton.swift */,
				77440C44248F714300A87934 /* BaseSeparatorView.swift */,
				77440C5A248F9AA900A87934 /* TopLineView.swift */,
				77440C7024902FC000A87934 /* MainContainerView.swift */,
			);
			path = Views;
			sourceTree = "<group>";
		};
		77440BF4248E7A3F00A87934 /* Extension */ = {
			isa = PBXGroup;
			children = (
				77440C0E248E824F00A87934 /* UIColor+inits.swift */,
				77440C32248EB16400A87934 /* UIView+shadow.swift */,
				77440C6E24902F5D00A87934 /* UIView+roundedCorners.swift */,
				77440C3B248ED5E700A87934 /* String+index.swift */,
			);
			path = Extension;
			sourceTree = "<group>";
		};
		77440C09248E80A000A87934 /* Assets */ = {
			isa = PBXGroup;
			children = (
				77440C0A248E80B300A87934 /* Constants.swift */,
				77440C10248E825F00A87934 /* Colors.swift */,
				77440C0C248E814900A87934 /* Texts.swift */,
				77440C29248EA7EB00A87934 /* Icons */,
			);
			path = Assets;
			sourceTree = "<group>";
		};
		77440C14248E94DD00A87934 /* Base */ = {
			isa = PBXGroup;
			children = (
				77440C15248E94F600A87934 /* UserData.swift */,
				77440C722490D6F500A87934 /* URLs.swift */,
				77440C46248F75FD00A87934 /* CountryData.swift */,
			);
			path = Base;
			sourceTree = "<group>";
		};
		77440C17248EA04100A87934 /* CountryCodeScene */ = {
			isa = PBXGroup;
			children = (
				77440C18248EA05C00A87934 /* CountryCodeScene.swift */,
				77440C1A248EA0AD00A87934 /* CountryCodeViewModel.swift */,
				77440C1C248EA0DB00A87934 /* CountryCodeViewModelProtocol.swift */,
				77440C1E248EA0FD00A87934 /* CountryCodeRouter.swift */,
				77440C20248EA14200A87934 /* CountryCodeRouterProtocol.swift */,
			);
			path = CountryCodeScene;
			sourceTree = "<group>";
		};
		77440C24248EA18800A87934 /* CountryCodeScene */ = {
			isa = PBXGroup;
			children = (
				77440C2D248EAB4D00A87934 /* Views */,
				77440C22248EA17300A87934 /* CountryCodeController.swift */,
				77440C25248EA1A000A87934 /* CountryCodeControllerProtocol.swift */,
			);
			path = CountryCodeScene;
			sourceTree = "<group>";
		};
		77440C29248EA7EB00A87934 /* Icons */ = {
			isa = PBXGroup;
			children = (
				77440C2B248EA82900A87934 /* Icons.xcassets */,
				77440C27248EA7E500A87934 /* Icons.swift */,
			);
			path = Icons;
			sourceTree = "<group>";
		};
		77440C2D248EAB4D00A87934 /* Views */ = {
			isa = PBXGroup;
			children = (
				77440C37248EBDC300A87934 /* SearchBar.swift */,
				77440C2E248EAB7500A87934 /* CountryTableCell.swift */,
				77440C30248EB00E00A87934 /* CountryTableHeader.swift */,
				77440C41248F674E00A87934 /* LettersColllection */,
			);
			path = Views;
			sourceTree = "<group>";
		};
		77440C36248EBA1200A87934 /* Views */ = {
			isa = PBXGroup;
			children = (
				77440C34248EBA0E00A87934 /* PhoneNumberView.swift */,
				77440C6B2490242100A87934 /* LoginOptionsViews */,
			);
			path = Views;
			sourceTree = "<group>";
		};
		77440C41248F674E00A87934 /* LettersColllection */ = {
			isa = PBXGroup;
			children = (
				77440C39248ECE0600A87934 /* LettersCollectionView.swift */,
				77440C42248F677400A87934 /* LettersCollectionDelegate.swift */,
				77440C3D248EDD3200A87934 /* LetterCollectionCell.swift */,
			);
			path = LettersColllection;
			sourceTree = "<group>";
		};
		77440C48248F97A600A87934 /* ConfirmNumberScene */ = {
			isa = PBXGroup;
			children = (
				77440C5C248F9EFD00A87934 /* Views */,
				77440C49248F97D000A87934 /* ConfirmNumberController.swift */,
				77440C4B248F980500A87934 /* ConfirmNumberControllerProtocol.swift */,
			);
			path = ConfirmNumberScene;
			sourceTree = "<group>";
		};
		77440C4D248F982900A87934 /* ConfirmNumberScene */ = {
			isa = PBXGroup;
			children = (
				77440C4E248F984A00A87934 /* ConfirmNumberScene.swift */,
				77440C50248F989800A87934 /* ConfirmNumberViewModel.swift */,
				77440C52248F98C800A87934 /* ConfirmNumberViewModelProtocol.swift */,
				77440C54248F98E400A87934 /* ConfirmNumberRouter.swift */,
				77440C56248F995400A87934 /* ConfirmNumberRouterProtocol.swift */,
			);
			path = ConfirmNumberScene;
			sourceTree = "<group>";
		};
		77440C5C248F9EFD00A87934 /* Views */ = {
			isa = PBXGroup;
			children = (
				77440C5D248F9F3700A87934 /* CodeField.swift */,
				77440C63248FDDB100A87934 /* CodeFieldDelegate.swift */,
			);
			path = Views;
			sourceTree = "<group>";
		};
		77440C6B2490242100A87934 /* LoginOptionsViews */ = {
			isa = PBXGroup;
			children = (
				77440C6924901BCA00A87934 /* LoginOptionsContainerView.swift */,
				77440C6C2490245200A87934 /* LoginOptionsContainerDelegate.swift */,
				77440C65248FE70F00A87934 /* LoginOptionsView.swift */,
			);
			path = LoginOptionsViews;
			sourceTree = "<group>";
		};
		77440C762490DD0600A87934 /* NetworkServices */ = {
			isa = PBXGroup;
			children = (
				77440C742490DCF500A87934 /* NetworkService.swift */,
			);
			path = NetworkServices;
			sourceTree = "<group>";
		};
		77440C772491257700A87934 /* Helper */ = {
			isa = PBXGroup;
			children = (
				77440C782491258F00A87934 /* ScreenIPhone.swift */,
			);
			path = Helper;
			sourceTree = "<group>";
		};
		844D93576B302F21C1AEF227 /* Frameworks */ = {
			isa = PBXGroup;
			children = (
				92585AF014343B84831E7AC8 /* libPods-TestProject.a */,
			);
			name = Frameworks;
			sourceTree = "<group>";
		};
		886EAE3546B5FFD135840DBE /* Pods */ = {
			isa = PBXGroup;
			children = (
				10E2A5169333A298D72A04C5 /* Pods-TestProject.debug.xcconfig */,
				8B6F9BE48EE14C90F35C9C60 /* Pods-TestProject.release.xcconfig */,
			);
			path = Pods;
			sourceTree = "<group>";
		};
/* End PBXGroup section */

/* Begin PBXNativeTarget section */
		77440BA7248E722C00A87934 /* TestProject */ = {
			isa = PBXNativeTarget;
			buildConfigurationList = 77440BBC248E722D00A87934 /* Build configuration list for PBXNativeTarget "TestProject" */;
			buildPhases = (
				024DF74659D1F082FC891ACA /* [CP] Check Pods Manifest.lock */,
				77440BC2248E725C00A87934 /* Weaver */,
				77440BA4248E722C00A87934 /* Sources */,
				77440BA5248E722C00A87934 /* Frameworks */,
				77440BA6248E722C00A87934 /* Resources */,
			);
			buildRules = (
			);
			dependencies = (
			);
			name = TestProject;
			productName = TestProject;
			productReference = 77440BA8248E722C00A87934 /* TestProject.app */;
			productType = "com.apple.product-type.application";
		};
/* End PBXNativeTarget section */

/* Begin PBXProject section */
		77440BA0248E722C00A87934 /* Project object */ = {
			isa = PBXProject;
			attributes = {
				LastSwiftUpdateCheck = 1150;
				LastUpgradeCheck = 1150;
				ORGANIZATIONNAME = Viktor;
				TargetAttributes = {
					77440BA7248E722C00A87934 = {
						CreatedOnToolsVersion = 11.5;
					};
				};
			};
			buildConfigurationList = 77440BA3248E722C00A87934 /* Build configuration list for PBXProject "TestProject" */;
			compatibilityVersion = "Xcode 9.3";
			developmentRegion = en;
			hasScannedForEncodings = 0;
			knownRegions = (
				en,
				Base,
			);
			mainGroup = 77440B9F248E722C00A87934;
			productRefGroup = 77440BA9248E722C00A87934 /* Products */;
			projectDirPath = "";
			projectRoot = "";
			targets = (
				77440BA7248E722C00A87934 /* TestProject */,
			);
		};
/* End PBXProject section */

/* Begin PBXResourcesBuildPhase section */
		77440BA6248E722C00A87934 /* Resources */ = {
			isa = PBXResourcesBuildPhase;
			buildActionMask = 2147483647;
			files = (
				77440BB8248E722D00A87934 /* LaunchScreen.storyboard in Resources */,
				77440C2C248EA82900A87934 /* Icons.xcassets in Resources */,
				77440BB5248E722D00A87934 /* Assets.xcassets in Resources */,
			);
			runOnlyForDeploymentPostprocessing = 0;
		};
/* End PBXResourcesBuildPhase section */

/* Begin PBXShellScriptBuildPhase section */
		024DF74659D1F082FC891ACA /* [CP] Check Pods Manifest.lock */ = {
			isa = PBXShellScriptBuildPhase;
			buildActionMask = 2147483647;
			files = (
			);
			inputFileListPaths = (
			);
			inputPaths = (
				"${PODS_PODFILE_DIR_PATH}/Podfile.lock",
				"${PODS_ROOT}/Manifest.lock",
			);
			name = "[CP] Check Pods Manifest.lock";
			outputFileListPaths = (
			);
			outputPaths = (
				"$(DERIVED_FILE_DIR)/Pods-TestProject-checkManifestLockResult.txt",
			);
			runOnlyForDeploymentPostprocessing = 0;
			shellPath = /bin/sh;
			shellScript = "diff \"${PODS_PODFILE_DIR_PATH}/Podfile.lock\" \"${PODS_ROOT}/Manifest.lock\" > /dev/null\nif [ $? != 0 ] ; then\n    # print error to STDERR\n    echo \"error: The sandbox is not in sync with the Podfile.lock. Run 'pod install' or update your CocoaPods installation.\" >&2\n    exit 1\nfi\n# This output is used by Xcode 'outputs' to avoid re-running this script phase.\necho \"SUCCESS\" > \"${SCRIPT_OUTPUT_FILE_0}\"\n";
			showEnvVarsInLog = 0;
		};
		77440BC2248E725C00A87934 /* Weaver */ = {
			isa = PBXShellScriptBuildPhase;
			buildActionMask = 2147483647;
			files = (
			);
			inputFileListPaths = (
			);
			inputPaths = (
			);
			name = Weaver;
			outputFileListPaths = (
			);
			outputPaths = (
			);
			runOnlyForDeploymentPostprocessing = 0;
			shellPath = /bin/sh;
			shellScript = "$PODS_ROOT/WeaverDI/weaver/bin/weaver swift --project-path \"$PROJECT_DIR/$TARGET_NAME\" --output-path \"${SOURCE_ROOT}/$TARGET_NAME/Source/Dependencies/Generated\" --single-output\n";
		};
/* End PBXShellScriptBuildPhase section */

/* Begin PBXSourcesBuildPhase section */
		77440BA4248E722C00A87934 /* Sources */ = {
			isa = PBXSourcesBuildPhase;
			buildActionMask = 2147483647;
			files = (
				77440C47248F75FD00A87934 /* CountryData.swift in Sources */,
				77440BF0248E78EE00A87934 /* BaseController.swift in Sources */,
				77440C5E248F9F3700A87934 /* CodeField.swift in Sources */,
				77440BC7248E751F00A87934 /* MainRouter.swift in Sources */,
				77440C7124902FC000A87934 /* MainContainerView.swift in Sources */,
				77440BDE248E774700A87934 /* MainScreenViewModel.swift in Sources */,
				77440BDC248E76A100A87934 /* MainScreenScene.swift in Sources */,
				77440C66248FE70F00A87934 /* LoginOptionsView.swift in Sources */,
				77440C55248F98E400A87934 /* ConfirmNumberRouter.swift in Sources */,
				77440C0B248E80B300A87934 /* Constants.swift in Sources */,
				77440C1F248EA0FD00A87934 /* CountryCodeRouter.swift in Sources */,
				77440BCE248E759E00A87934 /* Presentation.swift in Sources */,
				77440C53248F98C800A87934 /* ConfirmNumberViewModelProtocol.swift in Sources */,
				77440BC4248E74E800A87934 /* Weaver.swift in Sources */,
				77440C57248F995400A87934 /* ConfirmNumberRouterProtocol.swift in Sources */,
				77440C21248EA14200A87934 /* CountryCodeRouterProtocol.swift in Sources */,
				77440C5B248F9AA900A87934 /* TopLineView.swift in Sources */,
				77440BD2248E75BC00A87934 /* Router.swift in Sources */,
				77440C28248EA7E500A87934 /* Icons.swift in Sources */,
				77440C23248EA17300A87934 /* CountryCodeController.swift in Sources */,
				77440C3A248ECE0600A87934 /* LettersCollectionView.swift in Sources */,
				77440C31248EB00E00A87934 /* CountryTableHeader.swift in Sources */,
				77440C3E248EDD3200A87934 /* LetterCollectionCell.swift in Sources */,
				77440C62248FDA3B00A87934 /* FadePresentation.swift in Sources */,
				77440C59248F9A1900A87934 /* ModalPresentation.swift in Sources */,
				77440C6D2490245200A87934 /* LoginOptionsContainerDelegate.swift in Sources */,
				77440C33248EB16400A87934 /* UIView+shadow.swift in Sources */,
				77440C38248EBDC300A87934 /* SearchBar.swift in Sources */,
				77440C6A24901BCA00A87934 /* LoginOptionsContainerView.swift in Sources */,
				77440C4A248F97D000A87934 /* ConfirmNumberController.swift in Sources */,
				77440C43248F677400A87934 /* LettersCollectionDelegate.swift in Sources */,
				77440C19248EA05C00A87934 /* CountryCodeScene.swift in Sources */,
				77440C45248F714300A87934 /* BaseSeparatorView.swift in Sources */,
				77440C792491258F00A87934 /* ScreenIPhone.swift in Sources */,
				77440BE2248E779400A87934 /* MainScreenRouter.swift in Sources */,
				77440BD0248E75AB00A87934 /* Scene.swift in Sources */,
				77440C13248E89E200A87934 /* BaseMainButton.swift in Sources */,
				77440BAC248E722C00A87934 /* AppDelegate.swift in Sources */,
				77440C4F248F984A00A87934 /* ConfirmNumberScene.swift in Sources */,
				77440C0D248E814900A87934 /* Texts.swift in Sources */,
				77440C26248EA1A000A87934 /* CountryCodeControllerProtocol.swift in Sources */,
				77440BE0248E777600A87934 /* MainScreenViewModelProtocol.swift in Sources */,
				77440C64248FDDB100A87934 /* CodeFieldDelegate.swift in Sources */,
				77440C1D248EA0DB00A87934 /* CountryCodeViewModelProtocol.swift in Sources */,
				77440BE4248E77CA00A87934 /* MainScreenRouterProtocol.swift in Sources */,
				77440C16248E94F600A87934 /* UserData.swift in Sources */,
				77440BD9248E764100A87934 /* BaseRouter.swift in Sources */,
				77440C35248EBA0E00A87934 /* PhoneNumberView.swift in Sources */,
				77440C752490DCF500A87934 /* NetworkService.swift in Sources */,
				77440C51248F989800A87934 /* ConfirmNumberViewModel.swift in Sources */,
				77440BEB248E787F00A87934 /* MainScreenController.swift in Sources */,
				77440C1B248EA0AD00A87934 /* CountryCodeViewModel.swift in Sources */,
				77440C3C248ED5E700A87934 /* String+index.swift in Sources */,
				77440C11248E825F00A87934 /* Colors.swift in Sources */,
				77440BD6248E761600A87934 /* BaseScene.swift in Sources */,
				77440C0F248E824F00A87934 /* UIColor+inits.swift in Sources */,
				77440C4C248F980500A87934 /* ConfirmNumberControllerProtocol.swift in Sources */,
				77440BAE248E722C00A87934 /* SceneDelegate.swift in Sources */,
				77440BCC248E757D00A87934 /* PopoverPresentation.swift in Sources */,
				77440BED248E789E00A87934 /* MainScreenControllerProtocol.swift in Sources */,
				77440C732490D6F500A87934 /* URLs.swift in Sources */,
				77440C2F248EAB7500A87934 /* CountryTableCell.swift in Sources */,
				77440C6F24902F5D00A87934 /* UIView+roundedCorners.swift in Sources */,
			);
			runOnlyForDeploymentPostprocessing = 0;
		};
/* End PBXSourcesBuildPhase section */

/* Begin PBXVariantGroup section */
		77440BB6248E722D00A87934 /* LaunchScreen.storyboard */ = {
			isa = PBXVariantGroup;
			children = (
				77440BB7248E722D00A87934 /* Base */,
			);
			name = LaunchScreen.storyboard;
			sourceTree = "<group>";
		};
/* End PBXVariantGroup section */

/* Begin XCBuildConfiguration section */
		77440BBA248E722D00A87934 /* Debug */ = {
			isa = XCBuildConfiguration;
			buildSettings = {
				ALWAYS_SEARCH_USER_PATHS = NO;
				CLANG_ANALYZER_NONNULL = YES;
				CLANG_ANALYZER_NUMBER_OBJECT_CONVERSION = YES_AGGRESSIVE;
				CLANG_CXX_LANGUAGE_STANDARD = "gnu++14";
				CLANG_CXX_LIBRARY = "libc++";
				CLANG_ENABLE_MODULES = YES;
				CLANG_ENABLE_OBJC_ARC = YES;
				CLANG_ENABLE_OBJC_WEAK = YES;
				CLANG_WARN_BLOCK_CAPTURE_AUTORELEASING = YES;
				CLANG_WARN_BOOL_CONVERSION = YES;
				CLANG_WARN_COMMA = YES;
				CLANG_WARN_CONSTANT_CONVERSION = YES;
				CLANG_WARN_DEPRECATED_OBJC_IMPLEMENTATIONS = YES;
				CLANG_WARN_DIRECT_OBJC_ISA_USAGE = YES_ERROR;
				CLANG_WARN_DOCUMENTATION_COMMENTS = YES;
				CLANG_WARN_EMPTY_BODY = YES;
				CLANG_WARN_ENUM_CONVERSION = YES;
				CLANG_WARN_INFINITE_RECURSION = YES;
				CLANG_WARN_INT_CONVERSION = YES;
				CLANG_WARN_NON_LITERAL_NULL_CONVERSION = YES;
				CLANG_WARN_OBJC_IMPLICIT_RETAIN_SELF = YES;
				CLANG_WARN_OBJC_LITERAL_CONVERSION = YES;
				CLANG_WARN_OBJC_ROOT_CLASS = YES_ERROR;
				CLANG_WARN_RANGE_LOOP_ANALYSIS = YES;
				CLANG_WARN_STRICT_PROTOTYPES = YES;
				CLANG_WARN_SUSPICIOUS_MOVE = YES;
				CLANG_WARN_UNGUARDED_AVAILABILITY = YES_AGGRESSIVE;
				CLANG_WARN_UNREACHABLE_CODE = YES;
				CLANG_WARN__DUPLICATE_METHOD_MATCH = YES;
				COPY_PHASE_STRIP = NO;
				DEBUG_INFORMATION_FORMAT = dwarf;
				ENABLE_STRICT_OBJC_MSGSEND = YES;
				ENABLE_TESTABILITY = YES;
				GCC_C_LANGUAGE_STANDARD = gnu11;
				GCC_DYNAMIC_NO_PIC = NO;
				GCC_NO_COMMON_BLOCKS = YES;
				GCC_OPTIMIZATION_LEVEL = 0;
				GCC_PREPROCESSOR_DEFINITIONS = (
					"DEBUG=1",
					"$(inherited)",
				);
				GCC_WARN_64_TO_32_BIT_CONVERSION = YES;
				GCC_WARN_ABOUT_RETURN_TYPE = YES_ERROR;
				GCC_WARN_UNDECLARED_SELECTOR = YES;
				GCC_WARN_UNINITIALIZED_AUTOS = YES_AGGRESSIVE;
				GCC_WARN_UNUSED_FUNCTION = YES;
				GCC_WARN_UNUSED_VARIABLE = YES;
				IPHONEOS_DEPLOYMENT_TARGET = 13.5;
				MTL_ENABLE_DEBUG_INFO = INCLUDE_SOURCE;
				MTL_FAST_MATH = YES;
				ONLY_ACTIVE_ARCH = YES;
				SDKROOT = iphoneos;
				SWIFT_ACTIVE_COMPILATION_CONDITIONS = DEBUG;
				SWIFT_OPTIMIZATION_LEVEL = "-Onone";
			};
			name = Debug;
		};
		77440BBB248E722D00A87934 /* Release */ = {
			isa = XCBuildConfiguration;
			buildSettings = {
				ALWAYS_SEARCH_USER_PATHS = NO;
				CLANG_ANALYZER_NONNULL = YES;
				CLANG_ANALYZER_NUMBER_OBJECT_CONVERSION = YES_AGGRESSIVE;
				CLANG_CXX_LANGUAGE_STANDARD = "gnu++14";
				CLANG_CXX_LIBRARY = "libc++";
				CLANG_ENABLE_MODULES = YES;
				CLANG_ENABLE_OBJC_ARC = YES;
				CLANG_ENABLE_OBJC_WEAK = YES;
				CLANG_WARN_BLOCK_CAPTURE_AUTORELEASING = YES;
				CLANG_WARN_BOOL_CONVERSION = YES;
				CLANG_WARN_COMMA = YES;
				CLANG_WARN_CONSTANT_CONVERSION = YES;
				CLANG_WARN_DEPRECATED_OBJC_IMPLEMENTATIONS = YES;
				CLANG_WARN_DIRECT_OBJC_ISA_USAGE = YES_ERROR;
				CLANG_WARN_DOCUMENTATION_COMMENTS = YES;
				CLANG_WARN_EMPTY_BODY = YES;
				CLANG_WARN_ENUM_CONVERSION = YES;
				CLANG_WARN_INFINITE_RECURSION = YES;
				CLANG_WARN_INT_CONVERSION = YES;
				CLANG_WARN_NON_LITERAL_NULL_CONVERSION = YES;
				CLANG_WARN_OBJC_IMPLICIT_RETAIN_SELF = YES;
				CLANG_WARN_OBJC_LITERAL_CONVERSION = YES;
				CLANG_WARN_OBJC_ROOT_CLASS = YES_ERROR;
				CLANG_WARN_RANGE_LOOP_ANALYSIS = YES;
				CLANG_WARN_STRICT_PROTOTYPES = YES;
				CLANG_WARN_SUSPICIOUS_MOVE = YES;
				CLANG_WARN_UNGUARDED_AVAILABILITY = YES_AGGRESSIVE;
				CLANG_WARN_UNREACHABLE_CODE = YES;
				CLANG_WARN__DUPLICATE_METHOD_MATCH = YES;
				COPY_PHASE_STRIP = NO;
				DEBUG_INFORMATION_FORMAT = "dwarf-with-dsym";
				ENABLE_NS_ASSERTIONS = NO;
				ENABLE_STRICT_OBJC_MSGSEND = YES;
				GCC_C_LANGUAGE_STANDARD = gnu11;
				GCC_NO_COMMON_BLOCKS = YES;
				GCC_WARN_64_TO_32_BIT_CONVERSION = YES;
				GCC_WARN_ABOUT_RETURN_TYPE = YES_ERROR;
				GCC_WARN_UNDECLARED_SELECTOR = YES;
				GCC_WARN_UNINITIALIZED_AUTOS = YES_AGGRESSIVE;
				GCC_WARN_UNUSED_FUNCTION = YES;
				GCC_WARN_UNUSED_VARIABLE = YES;
				IPHONEOS_DEPLOYMENT_TARGET = 13.5;
				MTL_ENABLE_DEBUG_INFO = NO;
				MTL_FAST_MATH = YES;
				SDKROOT = iphoneos;
				SWIFT_COMPILATION_MODE = wholemodule;
				SWIFT_OPTIMIZATION_LEVEL = "-O";
				VALIDATE_PRODUCT = YES;
			};
			name = Release;
		};
		77440BBD248E722D00A87934 /* Debug */ = {
			isa = XCBuildConfiguration;
			baseConfigurationReference = 10E2A5169333A298D72A04C5 /* Pods-TestProject.debug.xcconfig */;
			buildSettings = {
				ASSETCATALOG_COMPILER_APPICON_NAME = AppIcon;
				CODE_SIGN_STYLE = Automatic;
				INFOPLIST_FILE = TestProject/Info.plist;
				LD_RUNPATH_SEARCH_PATHS = (
					"$(inherited)",
					"@executable_path/Frameworks",
				);
				PRODUCT_BUNDLE_IDENTIFIER = "VP-P.TestProject";
				PRODUCT_NAME = "$(TARGET_NAME)";
				SWIFT_VERSION = 5.0;
				TARGETED_DEVICE_FAMILY = 1;
			};
			name = Debug;
		};
		77440BBE248E722D00A87934 /* Release */ = {
			isa = XCBuildConfiguration;
			baseConfigurationReference = 8B6F9BE48EE14C90F35C9C60 /* Pods-TestProject.release.xcconfig */;
			buildSettings = {
				ASSETCATALOG_COMPILER_APPICON_NAME = AppIcon;
				CODE_SIGN_STYLE = Automatic;
				INFOPLIST_FILE = TestProject/Info.plist;
				LD_RUNPATH_SEARCH_PATHS = (
					"$(inherited)",
					"@executable_path/Frameworks",
				);
				PRODUCT_BUNDLE_IDENTIFIER = "VP-P.TestProject";
				PRODUCT_NAME = "$(TARGET_NAME)";
				SWIFT_VERSION = 5.0;
				TARGETED_DEVICE_FAMILY = 1;
			};
			name = Release;
		};
/* End XCBuildConfiguration section */

/* Begin XCConfigurationList section */
		77440BA3248E722C00A87934 /* Build configuration list for PBXProject "TestProject" */ = {
			isa = XCConfigurationList;
			buildConfigurations = (
				77440BBA248E722D00A87934 /* Debug */,
				77440BBB248E722D00A87934 /* Release */,
			);
			defaultConfigurationIsVisible = 0;
			defaultConfigurationName = Release;
		};
		77440BBC248E722D00A87934 /* Build configuration list for PBXNativeTarget "TestProject" */ = {
			isa = XCConfigurationList;
			buildConfigurations = (
				77440BBD248E722D00A87934 /* Debug */,
				77440BBE248E722D00A87934 /* Release */,
			);
			defaultConfigurationIsVisible = 0;
			defaultConfigurationName = Release;
		};
/* End XCConfigurationList section */
	};
	rootObject = 77440BA0248E722C00A87934 /* Project object */;
}
