PODS:
  - SnapKit (5.0.1)
  - WeaverDI (0.12.3)

DEPENDENCIES:
  - SnapKit
  - WeaverDI (~> 0.12.3)

SPEC REPOS:
  trunk:
    - SnapKit
    - WeaverDI

SPEC CHECKSUMS:
  SnapKit: 97b92857e3df3a0c71833cce143274bf6ef8e5eb
  WeaverDI: 50396913e7e40856d393eb9fc5e86f67a6371d98

PODFILE CHECKSUM: 05315a84d4af5727dfc9d6f364dcf8fff2cc2fef

COCOAPODS: 1.9.1
